
Microsoft Visual Studio Solution File, Format Version 12.00
# Visual Studio 15
VisualStudioVersion = 15.0.27130.2027
MinimumVisualStudioVersion = 10.0.40219.1
Project("{FAE04EC0-301F-11D3-BF4B-00C04F79EFBC}") = "NewShoppingApp", "NewShoppingApp\NewShoppingApp.csproj", "{A66FD7C3-8992-4A3F-97B9-B0AED028786D}"
EndProject
Global
	GlobalSection(SolutionConfigurationPlatforms) = preSolution
		Debug|Any CPU = Debug|Any CPU
		Release|Any CPU = Release|Any CPU
	EndGlobalSection
	GlobalSection(ProjectConfigurationPlatforms) = postSolution
		{A66FD7C3-8992-4A3F-97B9-B0AED028786D}.Debug|Any CPU.ActiveCfg = Debug|Any CPU
		{A66FD7C3-8992-4A3F-97B9-B0AED028786D}.Debug|Any CPU.Build.0 = Debug|Any CPU
		{A66FD7C3-8992-4A3F-97B9-B0AED028786D}.Release|Any CPU.ActiveCfg = Release|Any CPU
		{A66FD7C3-8992-4A3F-97B9-B0AED028786D}.Release|Any CPU.Build.0 = Release|Any CPU
	EndGlobalSection
	GlobalSection(SolutionProperties) = preSolution
		HideSolutionNode = FALSE
	EndGlobalSection
	GlobalSection(ExtensibilityGlobals) = postSolution
		SolutionGuid = {C1569C5D-26DC-4F96-90E4-35E1FDA484D3}
	EndGlobalSection
EndGlobal
